
Microsoft Visual Studio Solution File, Format Version 12.00
# Visual Studio Version 17
VisualStudioVersion = 17.2.32526.322
MinimumVisualStudioVersion = 10.0.40219.1
Project("{FAE04EC0-301F-11D3-BF4B-00C04F79EFBC}") = "01. Student Information", "01. Student Information\01. Student Information.csproj", "{6F0438A1-66FD-4C4D-A866-6E0417292AD4}"
EndProject
Project("{FAE04EC0-301F-11D3-BF4B-00C04F79EFBC}") = "02", "02\02.csproj", "{FEF5A760-FC8C-4476-A7C8-C443BF09BEEB}"
EndProject
Project("{FAE04EC0-301F-11D3-BF4B-00C04F79EFBC}") = "03", "03\03.csproj", "{C2C98925-B46F-446C-A843-894728AB4048}"
EndProject
Project("{FAE04EC0-301F-11D3-BF4B-00C04F79EFBC}") = "04", "04\04.csproj", "{60C1735C-E8FC-4664-9450-788E1662F40A}"
EndProject
Project("{FAE04EC0-301F-11D3-BF4B-00C04F79EFBC}") = "05", "05\05.csproj", "{7E9F88C0-6BAA-4FC3-BC28-4D00E520BFAE}"
EndProject
Project("{FAE04EC0-301F-11D3-BF4B-00C04F79EFBC}") = "06", "06\06.csproj", "{5BECE301-AFF4-46D2-A973-8B69DB871118}"
EndProject
Project("{FAE04EC0-301F-11D3-BF4B-00C04F79EFBC}") = "07", "07\07.csproj", "{F6EEAC25-1C10-4FAB-9C19-72DB58BCF960}"
EndProject
Project("{FAE04EC0-301F-11D3-BF4B-00C04F79EFBC}") = "08", "08\08.csproj", "{47A89034-F8B0-4B3C-A4AC-E990FCFA28F4}"
EndProject
Project("{FAE04EC0-301F-11D3-BF4B-00C04F79EFBC}") = "09", "09\09.csproj", "{256E7656-F9A5-45D9-97FF-39FBEF6925B0}"
EndProject
Project("{FAE04EC0-301F-11D3-BF4B-00C04F79EFBC}") = "10", "10\10.csproj", "{7B314D7D-C0E0-488A-832E-5E6518D2C835}"
EndProject
Project("{FAE04EC0-301F-11D3-BF4B-00C04F79EFBC}") = "11", "11\11.csproj", "{92038938-6FEE-4B22-8AF0-85F44E84BBFA}"
EndProject
Project("{FAE04EC0-301F-11D3-BF4B-00C04F79EFBC}") = "12", "12\12.csproj", "{8900161A-FE62-4950-89E6-B6F092F457E3}"
EndProject
Project("{FAE04EC0-301F-11D3-BF4B-00C04F79EFBC}") = "13", "13\13.csproj", "{F1276566-547C-44EC-816F-8AC4EEBC337B}"
EndProject
Global
	GlobalSection(SolutionConfigurationPlatforms) = preSolution
		Debug|Any CPU = Debug|Any CPU
		Release|Any CPU = Release|Any CPU
	EndGlobalSection
	GlobalSection(ProjectConfigurationPlatforms) = postSolution
		{6F0438A1-66FD-4C4D-A866-6E0417292AD4}.Debug|Any CPU.ActiveCfg = Debug|Any CPU
		{6F0438A1-66FD-4C4D-A866-6E0417292AD4}.Debug|Any CPU.Build.0 = Debug|Any CPU
		{6F0438A1-66FD-4C4D-A866-6E0417292AD4}.Release|Any CPU.ActiveCfg = Release|Any CPU
		{6F0438A1-66FD-4C4D-A866-6E0417292AD4}.Release|Any CPU.Build.0 = Release|Any CPU
		{FEF5A760-FC8C-4476-A7C8-C443BF09BEEB}.Debug|Any CPU.ActiveCfg = Debug|Any CPU
		{FEF5A760-FC8C-4476-A7C8-C443BF09BEEB}.Debug|Any CPU.Build.0 = Debug|Any CPU
		{FEF5A760-FC8C-4476-A7C8-C443BF09BEEB}.Release|Any CPU.ActiveCfg = Release|Any CPU
		{FEF5A760-FC8C-4476-A7C8-C443BF09BEEB}.Release|Any CPU.Build.0 = Release|Any CPU
		{C2C98925-B46F-446C-A843-894728AB4048}.Debug|Any CPU.ActiveCfg = Debug|Any CPU
		{C2C98925-B46F-446C-A843-894728AB4048}.Debug|Any CPU.Build.0 = Debug|Any CPU
		{C2C98925-B46F-446C-A843-894728AB4048}.Release|Any CPU.ActiveCfg = Release|Any CPU
		{C2C98925-B46F-446C-A843-894728AB4048}.Release|Any CPU.Build.0 = Release|Any CPU
		{60C1735C-E8FC-4664-9450-788E1662F40A}.Debug|Any CPU.ActiveCfg = Debug|Any CPU
		{60C1735C-E8FC-4664-9450-788E1662F40A}.Debug|Any CPU.Build.0 = Debug|Any CPU
		{60C1735C-E8FC-4664-9450-788E1662F40A}.Release|Any CPU.ActiveCfg = Release|Any CPU
		{60C1735C-E8FC-4664-9450-788E1662F40A}.Release|Any CPU.Build.0 = Release|Any CPU
		{7E9F88C0-6BAA-4FC3-BC28-4D00E520BFAE}.Debug|Any CPU.ActiveCfg = Debug|Any CPU
		{7E9F88C0-6BAA-4FC3-BC28-4D00E520BFAE}.Debug|Any CPU.Build.0 = Debug|Any CPU
		{7E9F88C0-6BAA-4FC3-BC28-4D00E520BFAE}.Release|Any CPU.ActiveCfg = Release|Any CPU
		{7E9F88C0-6BAA-4FC3-BC28-4D00E520BFAE}.Release|Any CPU.Build.0 = Release|Any CPU
		{5BECE301-AFF4-46D2-A973-8B69DB871118}.Debug|Any CPU.ActiveCfg = Debug|Any CPU
		{5BECE301-AFF4-46D2-A973-8B69DB871118}.Debug|Any CPU.Build.0 = Debug|Any CPU
		{5BECE301-AFF4-46D2-A973-8B69DB871118}.Release|Any CPU.ActiveCfg = Release|Any CPU
		{5BECE301-AFF4-46D2-A973-8B69DB871118}.Release|Any CPU.Build.0 = Release|Any CPU
		{F6EEAC25-1C10-4FAB-9C19-72DB58BCF960}.Debug|Any CPU.ActiveCfg = Debug|Any CPU
		{F6EEAC25-1C10-4FAB-9C19-72DB58BCF960}.Debug|Any CPU.Build.0 = Debug|Any CPU
		{F6EEAC25-1C10-4FAB-9C19-72DB58BCF960}.Release|Any CPU.ActiveCfg = Release|Any CPU
		{F6EEAC25-1C10-4FAB-9C19-72DB58BCF960}.Release|Any CPU.Build.0 = Release|Any CPU
		{47A89034-F8B0-4B3C-A4AC-E990FCFA28F4}.Debug|Any CPU.ActiveCfg = Debug|Any CPU
		{47A89034-F8B0-4B3C-A4AC-E990FCFA28F4}.Debug|Any CPU.Build.0 = Debug|Any CPU
		{47A89034-F8B0-4B3C-A4AC-E990FCFA28F4}.Release|Any CPU.ActiveCfg = Release|Any CPU
		{47A89034-F8B0-4B3C-A4AC-E990FCFA28F4}.Release|Any CPU.Build.0 = Release|Any CPU
		{256E7656-F9A5-45D9-97FF-39FBEF6925B0}.Debug|Any CPU.ActiveCfg = Debug|Any CPU
		{256E7656-F9A5-45D9-97FF-39FBEF6925B0}.Debug|Any CPU.Build.0 = Debug|Any CPU
		{256E7656-F9A5-45D9-97FF-39FBEF6925B0}.Release|Any CPU.ActiveCfg = Release|Any CPU
		{256E7656-F9A5-45D9-97FF-39FBEF6925B0}.Release|Any CPU.Build.0 = Release|Any CPU
		{7B314D7D-C0E0-488A-832E-5E6518D2C835}.Debug|Any CPU.ActiveCfg = Debug|Any CPU
		{7B314D7D-C0E0-488A-832E-5E6518D2C835}.Debug|Any CPU.Build.0 = Debug|Any CPU
		{7B314D7D-C0E0-488A-832E-5E6518D2C835}.Release|Any CPU.ActiveCfg = Release|Any CPU
		{7B314D7D-C0E0-488A-832E-5E6518D2C835}.Release|Any CPU.Build.0 = Release|Any CPU
		{92038938-6FEE-4B22-8AF0-85F44E84BBFA}.Debug|Any CPU.ActiveCfg = Debug|Any CPU
		{92038938-6FEE-4B22-8AF0-85F44E84BBFA}.Debug|Any CPU.Build.0 = Debug|Any CPU
		{92038938-6FEE-4B22-8AF0-85F44E84BBFA}.Release|Any CPU.ActiveCfg = Release|Any CPU
		{92038938-6FEE-4B22-8AF0-85F44E84BBFA}.Release|Any CPU.Build.0 = Release|Any CPU
		{8900161A-FE62-4950-89E6-B6F092F457E3}.Debug|Any CPU.ActiveCfg = Debug|Any CPU
		{8900161A-FE62-4950-89E6-B6F092F457E3}.Debug|Any CPU.Build.0 = Debug|Any CPU
		{8900161A-FE62-4950-89E6-B6F092F457E3}.Release|Any CPU.ActiveCfg = Release|Any CPU
		{8900161A-FE62-4950-89E6-B6F092F457E3}.Release|Any CPU.Build.0 = Release|Any CPU
		{F1276566-547C-44EC-816F-8AC4EEBC337B}.Debug|Any CPU.ActiveCfg = Debug|Any CPU
		{F1276566-547C-44EC-816F-8AC4EEBC337B}.Debug|Any CPU.Build.0 = Debug|Any CPU
		{F1276566-547C-44EC-816F-8AC4EEBC337B}.Release|Any CPU.ActiveCfg = Release|Any CPU
		{F1276566-547C-44EC-816F-8AC4EEBC337B}.Release|Any CPU.Build.0 = Release|Any CPU
	EndGlobalSection
	GlobalSection(SolutionProperties) = preSolution
		HideSolutionNode = FALSE
	EndGlobalSection
	GlobalSection(ExtensibilityGlobals) = postSolution
		SolutionGuid = {ED471335-11E4-43E1-B7EC-19C82CA218FC}
	EndGlobalSection
EndGlobal
